
Microsoft Visual Studio Solution File, Format Version 12.00
# Visual Studio Version 17
VisualStudioVersion = 17.7.34031.279
MinimumVisualStudioVersion = 10.0.40219.1
Project("{9A19103F-16F7-4668-BE54-9A1E7A4F7556}") = "Ring.Console", "Ring.Console\Ring.Console.csproj", "{88BC648F-8D01-4CCC-93BB-29EC4806E838}"
EndProject
Project("{9A19103F-16F7-4668-BE54-9A1E7A4F7556}") = "Ring.Tests", "Ring.Tests\Ring.Tests.csproj", "{015E9553-D6EE-4205-96E4-111E12B07EC3}"
EndProject
Project("{2150E333-8FDC-42A3-9474-1A3956D46DE8}") = "tests", "tests", "{A8B34576-0824-40BC-8889-F31C9EAAC228}"
EndProject
Project("{2150E333-8FDC-42A3-9474-1A3956D46DE8}") = "src", "src", "{AD1474DF-D9BA-4CCF-A021-0B003F855E6D}"
EndProject
Project("{9A19103F-16F7-4668-BE54-9A1E7A4F7556}") = "Ring", "Ring\Ring.csproj", "{C6F88466-9AAB-40A1-97C9-F4D21175169B}"
EndProject
Project("{9A19103F-16F7-4668-BE54-9A1E7A4F7556}") = "Ring.InfluxDB", "Ring.InfluxDB\Ring.InfluxDB.csproj", "{36FC19B0-323D-4E29-A84B-A89FD3120311}"
EndProject
Project("{9A19103F-16F7-4668-BE54-9A1E7A4F7556}") = "Ring.PostgreSQL", "Ring.PostgreSQL\Ring.PostgreSQL.csproj", "{67122E5B-620E-4B51-ADB6-5220751B81A2}"
EndProject
Project("{9A19103F-16F7-4668-BE54-9A1E7A4F7556}") = "Ring.Sqlite", "Ring.Sqlite\Ring.Sqlite.csproj", "{98D0B59D-0430-459B-9361-2035B9ECEAE0}"
EndProject
Project("{9A19103F-16F7-4668-BE54-9A1E7A4F7556}") = "Ring.MySql", "Ring.MySql\Ring.MySql.csproj", "{6FE2B342-26A7-4274-AD4C-19B747A64011}"
EndProject
Project("{9A19103F-16F7-4668-BE54-9A1E7A4F7556}") = "Ring.SqlServer", "Ring.SqlServer\Ring.SqlServer.csproj", "{13B7B97D-8F78-494A-B047-6B43CDB21C6C}"
EndProject
Project("{9A19103F-16F7-4668-BE54-9A1E7A4F7556}") = "Ring.Oracle", "Ring.Oracle\Ring.Oracle.csproj", "{4573AFA9-6CE0-409C-A967-F4E4C94C5342}"
EndProject
Global
	GlobalSection(SolutionConfigurationPlatforms) = preSolution
		Debug|x64 = Debug|x64
		Release|x64 = Release|x64
	EndGlobalSection
	GlobalSection(ProjectConfigurationPlatforms) = postSolution
		{88BC648F-8D01-4CCC-93BB-29EC4806E838}.Debug|x64.ActiveCfg = Debug|x64
		{88BC648F-8D01-4CCC-93BB-29EC4806E838}.Debug|x64.Build.0 = Debug|x64
		{88BC648F-8D01-4CCC-93BB-29EC4806E838}.Release|x64.ActiveCfg = Release|x64
		{88BC648F-8D01-4CCC-93BB-29EC4806E838}.Release|x64.Build.0 = Release|x64
		{015E9553-D6EE-4205-96E4-111E12B07EC3}.Debug|x64.ActiveCfg = Debug|x64
		{015E9553-D6EE-4205-96E4-111E12B07EC3}.Debug|x64.Build.0 = Debug|x64
		{015E9553-D6EE-4205-96E4-111E12B07EC3}.Release|x64.ActiveCfg = Release|x64
		{015E9553-D6EE-4205-96E4-111E12B07EC3}.Release|x64.Build.0 = Release|x64
		{C6F88466-9AAB-40A1-97C9-F4D21175169B}.Debug|x64.ActiveCfg = Debug|x64
		{C6F88466-9AAB-40A1-97C9-F4D21175169B}.Debug|x64.Build.0 = Debug|x64
		{C6F88466-9AAB-40A1-97C9-F4D21175169B}.Release|x64.ActiveCfg = Release|x64
		{C6F88466-9AAB-40A1-97C9-F4D21175169B}.Release|x64.Build.0 = Release|x64
		{36FC19B0-323D-4E29-A84B-A89FD3120311}.Debug|x64.ActiveCfg = Debug|x64
		{36FC19B0-323D-4E29-A84B-A89FD3120311}.Debug|x64.Build.0 = Debug|x64
		{36FC19B0-323D-4E29-A84B-A89FD3120311}.Release|x64.ActiveCfg = Release|x64
		{36FC19B0-323D-4E29-A84B-A89FD3120311}.Release|x64.Build.0 = Release|x64
		{67122E5B-620E-4B51-ADB6-5220751B81A2}.Debug|x64.ActiveCfg = Debug|x64
		{67122E5B-620E-4B51-ADB6-5220751B81A2}.Debug|x64.Build.0 = Debug|x64
		{67122E5B-620E-4B51-ADB6-5220751B81A2}.Release|x64.ActiveCfg = Release|x64
		{67122E5B-620E-4B51-ADB6-5220751B81A2}.Release|x64.Build.0 = Release|x64
		{98D0B59D-0430-459B-9361-2035B9ECEAE0}.Debug|x64.ActiveCfg = Debug|Any CPU
		{98D0B59D-0430-459B-9361-2035B9ECEAE0}.Debug|x64.Build.0 = Debug|Any CPU
		{98D0B59D-0430-459B-9361-2035B9ECEAE0}.Release|x64.ActiveCfg = Release|Any CPU
		{98D0B59D-0430-459B-9361-2035B9ECEAE0}.Release|x64.Build.0 = Release|Any CPU
		{6FE2B342-26A7-4274-AD4C-19B747A64011}.Debug|x64.ActiveCfg = Debug|x64
		{6FE2B342-26A7-4274-AD4C-19B747A64011}.Debug|x64.Build.0 = Debug|x64
		{6FE2B342-26A7-4274-AD4C-19B747A64011}.Release|x64.ActiveCfg = Release|x64
		{6FE2B342-26A7-4274-AD4C-19B747A64011}.Release|x64.Build.0 = Release|x64
		{13B7B97D-8F78-494A-B047-6B43CDB21C6C}.Debug|x64.ActiveCfg = Debug|Any CPU
		{13B7B97D-8F78-494A-B047-6B43CDB21C6C}.Debug|x64.Build.0 = Debug|Any CPU
		{13B7B97D-8F78-494A-B047-6B43CDB21C6C}.Release|x64.ActiveCfg = Release|Any CPU
		{13B7B97D-8F78-494A-B047-6B43CDB21C6C}.Release|x64.Build.0 = Release|Any CPU
		{4573AFA9-6CE0-409C-A967-F4E4C94C5342}.Debug|x64.ActiveCfg = Debug|x64
		{4573AFA9-6CE0-409C-A967-F4E4C94C5342}.Debug|x64.Build.0 = Debug|x64
		{4573AFA9-6CE0-409C-A967-F4E4C94C5342}.Release|x64.ActiveCfg = Release|x64
		{4573AFA9-6CE0-409C-A967-F4E4C94C5342}.Release|x64.Build.0 = Release|x64
	EndGlobalSection
	GlobalSection(SolutionProperties) = preSolution
		HideSolutionNode = FALSE
	EndGlobalSection
	GlobalSection(NestedProjects) = preSolution
		{015E9553-D6EE-4205-96E4-111E12B07EC3} = {A8B34576-0824-40BC-8889-F31C9EAAC228}
		{C6F88466-9AAB-40A1-97C9-F4D21175169B} = {AD1474DF-D9BA-4CCF-A021-0B003F855E6D}
		{36FC19B0-323D-4E29-A84B-A89FD3120311} = {AD1474DF-D9BA-4CCF-A021-0B003F855E6D}
		{67122E5B-620E-4B51-ADB6-5220751B81A2} = {AD1474DF-D9BA-4CCF-A021-0B003F855E6D}
		{98D0B59D-0430-459B-9361-2035B9ECEAE0} = {AD1474DF-D9BA-4CCF-A021-0B003F855E6D}
		{6FE2B342-26A7-4274-AD4C-19B747A64011} = {AD1474DF-D9BA-4CCF-A021-0B003F855E6D}
		{13B7B97D-8F78-494A-B047-6B43CDB21C6C} = {AD1474DF-D9BA-4CCF-A021-0B003F855E6D}
		{4573AFA9-6CE0-409C-A967-F4E4C94C5342} = {AD1474DF-D9BA-4CCF-A021-0B003F855E6D}
	EndGlobalSection
	GlobalSection(ExtensibilityGlobals) = postSolution
		SolutionGuid = {3C8CC557-7A24-46F1-99EE-CA36898E721B}
	EndGlobalSection
EndGlobal
