
Microsoft Visual Studio Solution File, Format Version 12.00
# Visual Studio Version 18
VisualStudioVersion = 18.0.11018.127
MinimumVisualStudioVersion = 10.0.40219.1
Project("{9A19103F-16F7-4668-BE54-9A1E7A4F7556}") = "Ring.Tests", "Tests\Ring.Tests\Ring.Tests.csproj", "{015E9553-D6EE-4205-96E4-111E12B07EC3}"
EndProject
Project("{2150E333-8FDC-42A3-9474-1A3956D46DE8}") = "tests", "tests", "{A8B34576-0824-40BC-8889-F31C9EAAC228}"
EndProject
Project("{2150E333-8FDC-42A3-9474-1A3956D46DE8}") = "src", "src", "{AD1474DF-D9BA-4CCF-A021-0B003F855E6D}"
EndProject
Project("{9A19103F-16F7-4668-BE54-9A1E7A4F7556}") = "Ring", "Ring\Ring.csproj", "{C6F88466-9AAB-40A1-97C9-F4D21175169B}"
EndProject
Project("{FAE04EC0-301F-11D3-BF4B-00C04F79EFBC}") = "SchemaMgr", "SchemaMgr\SchemaMgr.csproj", "{7308BA31-AD52-F43A-84E4-F10EFCC43415}"
EndProject
Project("{2150E333-8FDC-42A3-9474-1A3956D46DE8}") = "providers", "providers", "{C3638D90-B066-4712-B5A9-0CC8FA8C540D}"
EndProject
Project("{2150E333-8FDC-42A3-9474-1A3956D46DE8}") = "applications", "applications", "{EB6A5FEB-CB89-4767-BF06-32C678CAFCC5}"
EndProject
Project("{FAE04EC0-301F-11D3-BF4B-00C04F79EFBC}") = "Ring.Data", "Ring.Data\Ring.Data.csproj", "{43D20D05-2E21-44D8-A576-E0F7E4664B1A}"
EndProject
Project("{FAE04EC0-301F-11D3-BF4B-00C04F79EFBC}") = "Ring.Schema", "Ring.Schema\Ring.Schema.csproj", "{171A5860-4E7A-42CC-BFCB-867A44CFA9B3}"
EndProject
Project("{FAE04EC0-301F-11D3-BF4B-00C04F79EFBC}") = "Ring.InfluxDB", "Providers\Ring.InfluxDB\Ring.InfluxDB.csproj", "{034434BA-828E-E959-76DD-B47F55222FE8}"
EndProject
Project("{FAE04EC0-301F-11D3-BF4B-00C04F79EFBC}") = "Ring.MySql", "Providers\Ring.MySql\Ring.MySql.csproj", "{4583A747-7221-2C33-6220-B84D1C2B2FD7}"
EndProject
Project("{FAE04EC0-301F-11D3-BF4B-00C04F79EFBC}") = "Ring.Oracle", "Providers\Ring.Oracle\Ring.Oracle.csproj", "{19E294CA-7C54-56AA-239A-01352D29797B}"
EndProject
Project("{FAE04EC0-301F-11D3-BF4B-00C04F79EFBC}") = "Ring.PostgreSQL", "Providers\Ring.PostgreSQL\Ring.PostgreSQL.csproj", "{42D09F61-9C2E-3C04-31E7-3A35C11E9184}"
EndProject
Project("{FAE04EC0-301F-11D3-BF4B-00C04F79EFBC}") = "Ring.Sqlite", "Providers\Ring.Sqlite\Ring.Sqlite.csproj", "{5C80D00B-A109-CCA1-93E7-715E889E34E1}"
EndProject
Project("{FAE04EC0-301F-11D3-BF4B-00C04F79EFBC}") = "Ring.SqlServer", "Providers\Ring.SqlServer\Ring.SqlServer.csproj", "{F1E091ED-0510-DAFB-C8C4-BB81CEB5798D}"
EndProject
Global
	GlobalSection(SolutionConfigurationPlatforms) = preSolution
		Debug|x64 = Debug|x64
		Release|x64 = Release|x64
	EndGlobalSection
	GlobalSection(ProjectConfigurationPlatforms) = postSolution
		{015E9553-D6EE-4205-96E4-111E12B07EC3}.Debug|x64.ActiveCfg = Debug|x64
		{015E9553-D6EE-4205-96E4-111E12B07EC3}.Debug|x64.Build.0 = Debug|x64
		{015E9553-D6EE-4205-96E4-111E12B07EC3}.Release|x64.ActiveCfg = Release|x64
		{015E9553-D6EE-4205-96E4-111E12B07EC3}.Release|x64.Build.0 = Release|x64
		{C6F88466-9AAB-40A1-97C9-F4D21175169B}.Debug|x64.ActiveCfg = Debug|x64
		{C6F88466-9AAB-40A1-97C9-F4D21175169B}.Debug|x64.Build.0 = Debug|x64
		{C6F88466-9AAB-40A1-97C9-F4D21175169B}.Release|x64.ActiveCfg = Release|x64
		{C6F88466-9AAB-40A1-97C9-F4D21175169B}.Release|x64.Build.0 = Release|x64
		{7308BA31-AD52-F43A-84E4-F10EFCC43415}.Debug|x64.ActiveCfg = Debug|x64
		{7308BA31-AD52-F43A-84E4-F10EFCC43415}.Debug|x64.Build.0 = Debug|x64
		{7308BA31-AD52-F43A-84E4-F10EFCC43415}.Release|x64.ActiveCfg = Release|x64
		{7308BA31-AD52-F43A-84E4-F10EFCC43415}.Release|x64.Build.0 = Release|x64
		{43D20D05-2E21-44D8-A576-E0F7E4664B1A}.Debug|x64.ActiveCfg = Debug|Any CPU
		{43D20D05-2E21-44D8-A576-E0F7E4664B1A}.Debug|x64.Build.0 = Debug|Any CPU
		{43D20D05-2E21-44D8-A576-E0F7E4664B1A}.Release|x64.ActiveCfg = Release|Any CPU
		{43D20D05-2E21-44D8-A576-E0F7E4664B1A}.Release|x64.Build.0 = Release|Any CPU
		{171A5860-4E7A-42CC-BFCB-867A44CFA9B3}.Debug|x64.ActiveCfg = Debug|Any CPU
		{171A5860-4E7A-42CC-BFCB-867A44CFA9B3}.Debug|x64.Build.0 = Debug|Any CPU
		{171A5860-4E7A-42CC-BFCB-867A44CFA9B3}.Release|x64.ActiveCfg = Release|Any CPU
		{171A5860-4E7A-42CC-BFCB-867A44CFA9B3}.Release|x64.Build.0 = Release|Any CPU
		{034434BA-828E-E959-76DD-B47F55222FE8}.Debug|x64.ActiveCfg = Debug|x64
		{034434BA-828E-E959-76DD-B47F55222FE8}.Debug|x64.Build.0 = Debug|x64
		{034434BA-828E-E959-76DD-B47F55222FE8}.Release|x64.ActiveCfg = Release|x64
		{034434BA-828E-E959-76DD-B47F55222FE8}.Release|x64.Build.0 = Release|x64
		{4583A747-7221-2C33-6220-B84D1C2B2FD7}.Debug|x64.ActiveCfg = Debug|x64
		{4583A747-7221-2C33-6220-B84D1C2B2FD7}.Debug|x64.Build.0 = Debug|x64
		{4583A747-7221-2C33-6220-B84D1C2B2FD7}.Release|x64.ActiveCfg = Release|x64
		{4583A747-7221-2C33-6220-B84D1C2B2FD7}.Release|x64.Build.0 = Release|x64
		{19E294CA-7C54-56AA-239A-01352D29797B}.Debug|x64.ActiveCfg = Debug|x64
		{19E294CA-7C54-56AA-239A-01352D29797B}.Debug|x64.Build.0 = Debug|x64
		{19E294CA-7C54-56AA-239A-01352D29797B}.Release|x64.ActiveCfg = Release|x64
		{19E294CA-7C54-56AA-239A-01352D29797B}.Release|x64.Build.0 = Release|x64
		{42D09F61-9C2E-3C04-31E7-3A35C11E9184}.Debug|x64.ActiveCfg = Debug|x64
		{42D09F61-9C2E-3C04-31E7-3A35C11E9184}.Debug|x64.Build.0 = Debug|x64
		{42D09F61-9C2E-3C04-31E7-3A35C11E9184}.Release|x64.ActiveCfg = Release|x64
		{42D09F61-9C2E-3C04-31E7-3A35C11E9184}.Release|x64.Build.0 = Release|x64
		{5C80D00B-A109-CCA1-93E7-715E889E34E1}.Debug|x64.ActiveCfg = Debug|x64
		{5C80D00B-A109-CCA1-93E7-715E889E34E1}.Debug|x64.Build.0 = Debug|x64
		{5C80D00B-A109-CCA1-93E7-715E889E34E1}.Release|x64.ActiveCfg = Release|x64
		{5C80D00B-A109-CCA1-93E7-715E889E34E1}.Release|x64.Build.0 = Release|x64
		{F1E091ED-0510-DAFB-C8C4-BB81CEB5798D}.Debug|x64.ActiveCfg = Debug|x64
		{F1E091ED-0510-DAFB-C8C4-BB81CEB5798D}.Debug|x64.Build.0 = Debug|x64
		{F1E091ED-0510-DAFB-C8C4-BB81CEB5798D}.Release|x64.ActiveCfg = Release|x64
		{F1E091ED-0510-DAFB-C8C4-BB81CEB5798D}.Release|x64.Build.0 = Release|x64
	EndGlobalSection
	GlobalSection(SolutionProperties) = preSolution
		HideSolutionNode = FALSE
	EndGlobalSection
	GlobalSection(NestedProjects) = preSolution
		{015E9553-D6EE-4205-96E4-111E12B07EC3} = {A8B34576-0824-40BC-8889-F31C9EAAC228}
		{C6F88466-9AAB-40A1-97C9-F4D21175169B} = {AD1474DF-D9BA-4CCF-A021-0B003F855E6D}
		{7308BA31-AD52-F43A-84E4-F10EFCC43415} = {EB6A5FEB-CB89-4767-BF06-32C678CAFCC5}
		{C3638D90-B066-4712-B5A9-0CC8FA8C540D} = {AD1474DF-D9BA-4CCF-A021-0B003F855E6D}
		{EB6A5FEB-CB89-4767-BF06-32C678CAFCC5} = {AD1474DF-D9BA-4CCF-A021-0B003F855E6D}
		{43D20D05-2E21-44D8-A576-E0F7E4664B1A} = {AD1474DF-D9BA-4CCF-A021-0B003F855E6D}
		{171A5860-4E7A-42CC-BFCB-867A44CFA9B3} = {AD1474DF-D9BA-4CCF-A021-0B003F855E6D}
		{034434BA-828E-E959-76DD-B47F55222FE8} = {C3638D90-B066-4712-B5A9-0CC8FA8C540D}
		{4583A747-7221-2C33-6220-B84D1C2B2FD7} = {C3638D90-B066-4712-B5A9-0CC8FA8C540D}
		{19E294CA-7C54-56AA-239A-01352D29797B} = {C3638D90-B066-4712-B5A9-0CC8FA8C540D}
		{42D09F61-9C2E-3C04-31E7-3A35C11E9184} = {C3638D90-B066-4712-B5A9-0CC8FA8C540D}
		{5C80D00B-A109-CCA1-93E7-715E889E34E1} = {C3638D90-B066-4712-B5A9-0CC8FA8C540D}
		{F1E091ED-0510-DAFB-C8C4-BB81CEB5798D} = {C3638D90-B066-4712-B5A9-0CC8FA8C540D}
	EndGlobalSection
	GlobalSection(ExtensibilityGlobals) = postSolution
		SolutionGuid = {3C8CC557-7A24-46F1-99EE-CA36898E721B}
	EndGlobalSection
EndGlobal
