
Microsoft Visual Studio Solution File, Format Version 12.00
# Visual Studio Version 17
VisualStudioVersion = 17.7.34031.279
MinimumVisualStudioVersion = 10.0.40219.1
Project("{9A19103F-16F7-4668-BE54-9A1E7A4F7556}") = "Ring.Console", "Ring.Console\Ring.Console.csproj", "{88BC648F-8D01-4CCC-93BB-29EC4806E838}"
EndProject
Project("{9A19103F-16F7-4668-BE54-9A1E7A4F7556}") = "Ring.Tests", "..\Tests\Ring.Tests\Ring.Tests.csproj", "{015E9553-D6EE-4205-96E4-111E12B07EC3}"
EndProject
Project("{2150E333-8FDC-42A3-9474-1A3956D46DE8}") = "tests", "tests", "{A8B34576-0824-40BC-8889-F31C9EAAC228}"
EndProject
Project("{2150E333-8FDC-42A3-9474-1A3956D46DE8}") = "src", "src", "{AD1474DF-D9BA-4CCF-A021-0B003F855E6D}"
EndProject
Project("{9A19103F-16F7-4668-BE54-9A1E7A4F7556}") = "Ring", "..\Ring\Ring.csproj", "{C6F88466-9AAB-40A1-97C9-F4D21175169B}"
EndProject
Global
	GlobalSection(SolutionConfigurationPlatforms) = preSolution
		Debug|Any CPU = Debug|Any CPU
		Release|Any CPU = Release|Any CPU
	EndGlobalSection
	GlobalSection(ProjectConfigurationPlatforms) = postSolution
		{88BC648F-8D01-4CCC-93BB-29EC4806E838}.Debug|Any CPU.ActiveCfg = Debug|Any CPU
		{88BC648F-8D01-4CCC-93BB-29EC4806E838}.Debug|Any CPU.Build.0 = Debug|Any CPU
		{88BC648F-8D01-4CCC-93BB-29EC4806E838}.Release|Any CPU.ActiveCfg = Release|Any CPU
		{88BC648F-8D01-4CCC-93BB-29EC4806E838}.Release|Any CPU.Build.0 = Release|Any CPU
		{015E9553-D6EE-4205-96E4-111E12B07EC3}.Debug|Any CPU.ActiveCfg = Debug|Any CPU
		{015E9553-D6EE-4205-96E4-111E12B07EC3}.Debug|Any CPU.Build.0 = Debug|Any CPU
		{015E9553-D6EE-4205-96E4-111E12B07EC3}.Release|Any CPU.ActiveCfg = Release|Any CPU
		{015E9553-D6EE-4205-96E4-111E12B07EC3}.Release|Any CPU.Build.0 = Release|Any CPU
		{C6F88466-9AAB-40A1-97C9-F4D21175169B}.Debug|Any CPU.ActiveCfg = Debug|Any CPU
		{C6F88466-9AAB-40A1-97C9-F4D21175169B}.Debug|Any CPU.Build.0 = Debug|Any CPU
		{C6F88466-9AAB-40A1-97C9-F4D21175169B}.Release|Any CPU.ActiveCfg = Release|Any CPU
		{C6F88466-9AAB-40A1-97C9-F4D21175169B}.Release|Any CPU.Build.0 = Release|Any CPU
	EndGlobalSection
	GlobalSection(SolutionProperties) = preSolution
		HideSolutionNode = FALSE
	EndGlobalSection
	GlobalSection(NestedProjects) = preSolution
		{015E9553-D6EE-4205-96E4-111E12B07EC3} = {A8B34576-0824-40BC-8889-F31C9EAAC228}
		{C6F88466-9AAB-40A1-97C9-F4D21175169B} = {AD1474DF-D9BA-4CCF-A021-0B003F855E6D}
	EndGlobalSection
	GlobalSection(ExtensibilityGlobals) = postSolution
		SolutionGuid = {3C8CC557-7A24-46F1-99EE-CA36898E721B}
	EndGlobalSection
EndGlobal
