
Microsoft Visual Studio Solution File, Format Version 12.00
# Visual Studio 14
VisualStudioVersion = 14.0.25420.1
MinimumVisualStudioVersion = 10.0.40219.1
Project("{FAE04EC0-301F-11D3-BF4B-00C04F79EFBC}") = "SchemaMgr.NET.2015", "SchemaMgr.NET.2015.csproj", "{0DF481E1-0241-447B-9162-4BF0A1DE7457}"
EndProject
Project("{FAE04EC0-301F-11D3-BF4B-00C04F79EFBC}") = "Ring.NET.2015", "..\Ring\Ring.NET.2015.csproj", "{8920BA3E-FD9E-47AF-ACC3-55F4797C9660}"
EndProject
Project("{FAE04EC0-301F-11D3-BF4B-00C04F79EFBC}") = "Ring.Adapters.PostgreSQL", "..\Ring.Adapters.PostgreSQL\Ring.Adapters.PostgreSQL.csproj", "{76302A4F-DD6C-42C1-A156-2E285D265CF3}"
EndProject
Project("{FAE04EC0-301F-11D3-BF4B-00C04F79EFBC}") = "Ring.Adapters.SQLite", "..\Ring.Adapters.SQLite\Ring.Adapters.SQLite.csproj", "{EF65144E-57D2-42B9-8834-33DE325A2DCC}"
EndProject
Project("{FAE04EC0-301F-11D3-BF4B-00C04F79EFBC}") = "Ring.UnitTests", "..\Ring.Test\Ring.UnitTests.csproj", "{00F7B555-1655-48EA-B927-6EC252368569}"
EndProject
Global
	GlobalSection(SolutionConfigurationPlatforms) = preSolution
		Debug|Any CPU = Debug|Any CPU
		Debug|x64 = Debug|x64
		Release|Any CPU = Release|Any CPU
		Release|x64 = Release|x64
	EndGlobalSection
	GlobalSection(ProjectConfigurationPlatforms) = postSolution
		{0DF481E1-0241-447B-9162-4BF0A1DE7457}.Debug|Any CPU.ActiveCfg = Debug|Any CPU
		{0DF481E1-0241-447B-9162-4BF0A1DE7457}.Debug|Any CPU.Build.0 = Debug|Any CPU
		{0DF481E1-0241-447B-9162-4BF0A1DE7457}.Debug|x64.ActiveCfg = Debug|x64
		{0DF481E1-0241-447B-9162-4BF0A1DE7457}.Debug|x64.Build.0 = Debug|x64
		{0DF481E1-0241-447B-9162-4BF0A1DE7457}.Release|Any CPU.ActiveCfg = Release|Any CPU
		{0DF481E1-0241-447B-9162-4BF0A1DE7457}.Release|Any CPU.Build.0 = Release|Any CPU
		{0DF481E1-0241-447B-9162-4BF0A1DE7457}.Release|x64.ActiveCfg = Release|x64
		{0DF481E1-0241-447B-9162-4BF0A1DE7457}.Release|x64.Build.0 = Release|x64
		{8920BA3E-FD9E-47AF-ACC3-55F4797C9660}.Debug|Any CPU.ActiveCfg = Debug|x64
		{8920BA3E-FD9E-47AF-ACC3-55F4797C9660}.Debug|x64.ActiveCfg = Debug|x64
		{8920BA3E-FD9E-47AF-ACC3-55F4797C9660}.Debug|x64.Build.0 = Debug|x64
		{8920BA3E-FD9E-47AF-ACC3-55F4797C9660}.Release|Any CPU.ActiveCfg = Release|x64
		{8920BA3E-FD9E-47AF-ACC3-55F4797C9660}.Release|x64.ActiveCfg = Release|x64
		{8920BA3E-FD9E-47AF-ACC3-55F4797C9660}.Release|x64.Build.0 = Release|x64
		{76302A4F-DD6C-42C1-A156-2E285D265CF3}.Debug|Any CPU.ActiveCfg = Debug|x64
		{76302A4F-DD6C-42C1-A156-2E285D265CF3}.Debug|x64.ActiveCfg = Debug|x64
		{76302A4F-DD6C-42C1-A156-2E285D265CF3}.Debug|x64.Build.0 = Debug|x64
		{76302A4F-DD6C-42C1-A156-2E285D265CF3}.Release|Any CPU.ActiveCfg = Release|x64
		{76302A4F-DD6C-42C1-A156-2E285D265CF3}.Release|x64.ActiveCfg = Release|x64
		{76302A4F-DD6C-42C1-A156-2E285D265CF3}.Release|x64.Build.0 = Release|x64
		{EF65144E-57D2-42B9-8834-33DE325A2DCC}.Debug|Any CPU.ActiveCfg = Debug|x64
		{EF65144E-57D2-42B9-8834-33DE325A2DCC}.Debug|x64.ActiveCfg = Debug|x64
		{EF65144E-57D2-42B9-8834-33DE325A2DCC}.Debug|x64.Build.0 = Debug|x64
		{EF65144E-57D2-42B9-8834-33DE325A2DCC}.Release|Any CPU.ActiveCfg = Release|x64
		{EF65144E-57D2-42B9-8834-33DE325A2DCC}.Release|x64.ActiveCfg = Release|x64
		{EF65144E-57D2-42B9-8834-33DE325A2DCC}.Release|x64.Build.0 = Release|x64
		{00F7B555-1655-48EA-B927-6EC252368569}.Debug|Any CPU.ActiveCfg = Debug|Any CPU
		{00F7B555-1655-48EA-B927-6EC252368569}.Debug|Any CPU.Build.0 = Debug|Any CPU
		{00F7B555-1655-48EA-B927-6EC252368569}.Debug|x64.ActiveCfg = Debug|Any CPU
		{00F7B555-1655-48EA-B927-6EC252368569}.Debug|x64.Build.0 = Debug|Any CPU
		{00F7B555-1655-48EA-B927-6EC252368569}.Release|Any CPU.ActiveCfg = Release|Any CPU
		{00F7B555-1655-48EA-B927-6EC252368569}.Release|Any CPU.Build.0 = Release|Any CPU
		{00F7B555-1655-48EA-B927-6EC252368569}.Release|x64.ActiveCfg = Release|Any CPU
		{00F7B555-1655-48EA-B927-6EC252368569}.Release|x64.Build.0 = Release|Any CPU
	EndGlobalSection
	GlobalSection(SolutionProperties) = preSolution
		HideSolutionNode = FALSE
	EndGlobalSection
EndGlobal
